// !$*UTF8*$!
{
	archiveVersion = 1;
	classes = {
	};
	objectVersion = 46;
	objects = {

/* Begin PBXBuildFile section */
		5023001516B7A9C1001F1226 /* CoreFoundation.framework in Frameworks */ = {isa = PBXBuildFile; fileRef = 5023001416B7A9C1001F1226 /* CoreFoundation.framework */; };
		5023001716B7A9C8001F1226 /* MediaPlayer.framework in Frameworks */ = {isa = PBXBuildFile; fileRef = 5023001616B7A9C8001F1226 /* MediaPlayer.framework */; };
		506E2EC1169C2A8000D2D1CE /* libexpat.a in Frameworks */ = {isa = PBXBuildFile; fileRef = 506E2EBD169C2A8000D2D1CE /* libexpat.a */; };
		506E2EC3169C2A8000D2D1CE /* lxplib.c in Sources */ = {isa = PBXBuildFile; fileRef = 506E2EBF169C2A8000D2D1CE /* lxplib.c */; };
		506E2ECE169C3A1D00D2D1CE /* System in Resources */ = {isa = PBXBuildFile; fileRef = 506E2ECD169C3A1D00D2D1CE /* System */; };
		50B1C79F1699746F0096BF93 /* InfoPlist.strings in Resources */ = {isa = PBXBuildFile; fileRef = 50B1C79D1699746F0096BF93 /* InfoPlist.strings */; };
		50B1C7A11699746F0096BF93 /* main.m in Sources */ = {isa = PBXBuildFile; fileRef = 50B1C7A01699746F0096BF93 /* main.m */; };
		50B1C7A51699746F0096BF93 /* SBAppDelegate.m in Sources */ = {isa = PBXBuildFile; fileRef = 50B1C7A41699746F0096BF93 /* SBAppDelegate.m */; };
		50B1C7A81699746F0096BF93 /* SBRootViewController.m in Sources */ = {isa = PBXBuildFile; fileRef = 50B1C7A71699746F0096BF93 /* SBRootViewController.m */; };
		50B1C7AB1699746F0096BF93 /* SBDataViewController.m in Sources */ = {isa = PBXBuildFile; fileRef = 50B1C7AA1699746F0096BF93 /* SBDataViewController.m */; };
		50B1C7AE1699746F0096BF93 /* SBModelController.m in Sources */ = {isa = PBXBuildFile; fileRef = 50B1C7AD1699746F0096BF93 /* SBModelController.m */; };
		50B1C7B11699746F0096BF93 /* MainStoryboard_iPhone.storyboard in Resources */ = {isa = PBXBuildFile; fileRef = 50B1C7AF1699746F0096BF93 /* MainStoryboard_iPhone.storyboard */; };
		50B1C7B41699746F0096BF93 /* MainStoryboard_iPad.storyboard in Resources */ = {isa = PBXBuildFile; fileRef = 50B1C7B21699746F0096BF93 /* MainStoryboard_iPad.storyboard */; };
		50B1C7BC169974700096BF93 /* SenTestingKit.framework in Frameworks */ = {isa = PBXBuildFile; fileRef = 50B1C7BB169974700096BF93 /* SenTestingKit.framework */; };
		50B1C7BD169974700096BF93 /* UIKit.framework in Frameworks */ = {isa = PBXBuildFile; fileRef = 50B1C7941699746F0096BF93 /* UIKit.framework */; };
		50B1C7BE169974700096BF93 /* Foundation.framework in Frameworks */ = {isa = PBXBuildFile; fileRef = 50B1C7961699746F0096BF93 /* Foundation.framework */; };
		50B1C7C6169974700096BF93 /* InfoPlist.strings in Resources */ = {isa = PBXBuildFile; fileRef = 50B1C7C4169974700096BF93 /* InfoPlist.strings */; };
		50B1C7C9169974700096BF93 /* SimpleBookTests.m in Sources */ = {isa = PBXBuildFile; fileRef = 50B1C7C8169974700096BF93 /* SimpleBookTests.m */; };
		50B1C7E516997D850096BF93 /* libluajit2.a in Frameworks */ = {isa = PBXBuildFile; fileRef = 50B1C7E416997D850096BF93 /* libluajit2.a */; };
		50B1C7E7169982720096BF93 /* data in Resources */ = {isa = PBXBuildFile; fileRef = 50B1C7E6169982720096BF93 /* data */; };
		50F3BCC1169D66A300E16146 /* CoreGraphics.framework in Frameworks */ = {isa = PBXBuildFile; fileRef = 50B1C7981699746F0096BF93 /* CoreGraphics.framework */; };
		50F3BCC2169D66A300E16146 /* Foundation.framework in Frameworks */ = {isa = PBXBuildFile; fileRef = 50B1C7961699746F0096BF93 /* Foundation.framework */; };
		50F3BCC3169D66A300E16146 /* UIKit.framework in Frameworks */ = {isa = PBXBuildFile; fileRef = 50B1C7941699746F0096BF93 /* UIKit.framework */; };
		BB18885A50164624102C3F9D /* LuaBridge.m in Sources */ = {isa = PBXBuildFile; fileRef = BB1889F127D331E5A055A820 /* LuaBridge.m */; };
		BB188C0F01CD40245E0A739C /* MovieObserver.m in Sources */ = {isa = PBXBuildFile; fileRef = BB1884A31FEE1BFF556B229A /* MovieObserver.m */; };
		BB188F753AAFC6D4C2149509 /* BlockInvocation.m in Sources */ = {isa = PBXBuildFile; fileRef = BB188C3ADF29DAEAD75BF2FD /* BlockInvocation.m */; };
		CD1AD2FA16FC531C00648777 /* README.mdown in Resources */ = {isa = PBXBuildFile; fileRef = CD1AD2D716FC531C00648777 /* README.mdown */; };
		CD1AD2FB16FC531C00648777 /* .gitignore in Resources */ = {isa = PBXBuildFile; fileRef = CD1AD2D916FC531C00648777 /* .gitignore */; };
		CD1AD2FC16FC531C00648777 /* LICENSE in Resources */ = {isa = PBXBuildFile; fileRef = CD1AD2DA16FC531C00648777 /* LICENSE */; };
		CD1AD2FD16FC531C00648777 /* README.md in Resources */ = {isa = PBXBuildFile; fileRef = CD1AD2DB16FC531C00648777 /* README.md */; };
		CD1AD30516FC531C00648777 /* MWPhotoBrowser.bundle in Resources */ = {isa = PBXBuildFile; fileRef = CD1AD2EF16FC531C00648777 /* MWPhotoBrowser.bundle */; };
		CD1AD30916FC5ECF00648777 /* libMWPhotoBrowser.a in Frameworks */ = {isa = PBXBuildFile; fileRef = CD1AD30816FC531C00648777 /* libMWPhotoBrowser.a */; settings = {ATTRIBUTES = (Required, ); }; };
		CD9BDAB416FD567D00739E54 /* MessageUI.framework in Frameworks */ = {isa = PBXBuildFile; fileRef = CD9BDAB316FD567D00739E54 /* MessageUI.framework */; };
		CD9BDAD216FDAF3B00739E54 /* SBPanel.m in Sources */ = {isa = PBXBuildFile; fileRef = CD9BDAD116FDAF3A00739E54 /* SBPanel.m */; };
		CD9CE00516FF0035002089B8 /* CoreAudio.framework in Frameworks */ = {isa = PBXBuildFile; fileRef = CD9CE00416FF0034002089B8 /* CoreAudio.framework */; };
/* End PBXBuildFile section */

/* Begin PBXContainerItemProxy section */
		50B1C7BF169974700096BF93 /* PBXContainerItemProxy */ = {
			isa = PBXContainerItemProxy;
			containerPortal = 50B1C7871699746F0096BF93 /* Project object */;
			proxyType = 1;
			remoteGlobalIDString = 50B1C78F1699746F0096BF93;
			remoteInfo = SimpleBook;
		};
		CD1AD30716FC531C00648777 /* PBXContainerItemProxy */ = {
			isa = PBXContainerItemProxy;
			containerPortal = CD1AD2F016FC531C00648777 /* MWPhotoBrowser.xcodeproj */;
			proxyType = 2;
			remoteGlobalIDString = 4C6F96C414AF704100F8389A;
			remoteInfo = MWPhotoBrowser;
		};
		CD1AD30A16FC5F6B00648777 /* PBXContainerItemProxy */ = {
			isa = PBXContainerItemProxy;
			containerPortal = CD1AD2F016FC531C00648777 /* MWPhotoBrowser.xcodeproj */;
			proxyType = 1;
			remoteGlobalIDString = 4C6F96C314AF704100F8389A;
			remoteInfo = MWPhotoBrowser;
		};
/* End PBXContainerItemProxy section */

/* Begin PBXFileReference section */
		5023001416B7A9C1001F1226 /* CoreFoundation.framework */ = {isa = PBXFileReference; lastKnownFileType = wrapper.framework; name = CoreFoundation.framework; path = System/Library/Frameworks/CoreFoundation.framework; sourceTree = SDKROOT; };
		5023001616B7A9C8001F1226 /* MediaPlayer.framework */ = {isa = PBXFileReference; lastKnownFileType = wrapper.framework; name = MediaPlayer.framework; path = System/Library/Frameworks/MediaPlayer.framework; sourceTree = SDKROOT; };
		506E2EBB169C2A8000D2D1CE /* expat_external.h */ = {isa = PBXFileReference; fileEncoding = 4; lastKnownFileType = sourcecode.c.h; path = expat_external.h; sourceTree = "<group>"; };
		506E2EBC169C2A8000D2D1CE /* expat.h */ = {isa = PBXFileReference; fileEncoding = 4; lastKnownFileType = sourcecode.c.h; path = expat.h; sourceTree = "<group>"; };
		506E2EBD169C2A8000D2D1CE /* libexpat.a */ = {isa = PBXFileReference; lastKnownFileType = archive.ar; path = libexpat.a; sourceTree = "<group>"; };
		506E2EBF169C2A8000D2D1CE /* lxplib.c */ = {isa = PBXFileReference; fileEncoding = 4; lastKnownFileType = sourcecode.c.c; name = lxplib.c; path = ../src/lxplib.c; sourceTree = "<group>"; };
		506E2EC0169C2A8000D2D1CE /* lxplib.h */ = {isa = PBXFileReference; fileEncoding = 4; lastKnownFileType = sourcecode.c.h; name = lxplib.h; path = ../src/lxplib.h; sourceTree = "<group>"; };
		506E2EC5169C2ABF00D2D1CE /* src */ = {isa = PBXFileReference; lastKnownFileType = folder; path = src; sourceTree = "<group>"; };
		506E2ECD169C3A1D00D2D1CE /* System */ = {isa = PBXFileReference; lastKnownFileType = folder; path = System; sourceTree = "<group>"; };
		50B1C7901699746F0096BF93 /* SimpleBook.app */ = {isa = PBXFileReference; explicitFileType = wrapper.application; includeInIndex = 0; path = SimpleBook.app; sourceTree = BUILT_PRODUCTS_DIR; };
		50B1C7941699746F0096BF93 /* UIKit.framework */ = {isa = PBXFileReference; lastKnownFileType = wrapper.framework; name = UIKit.framework; path = System/Library/Frameworks/UIKit.framework; sourceTree = SDKROOT; };
		50B1C7961699746F0096BF93 /* Foundation.framework */ = {isa = PBXFileReference; lastKnownFileType = wrapper.framework; name = Foundation.framework; path = System/Library/Frameworks/Foundation.framework; sourceTree = SDKROOT; };
		50B1C7981699746F0096BF93 /* CoreGraphics.framework */ = {isa = PBXFileReference; lastKnownFileType = wrapper.framework; name = CoreGraphics.framework; path = System/Library/Frameworks/CoreGraphics.framework; sourceTree = SDKROOT; };
		50B1C79C1699746F0096BF93 /* SimpleBook-Info.plist */ = {isa = PBXFileReference; lastKnownFileType = text.plist.xml; path = "SimpleBook-Info.plist"; sourceTree = "<group>"; };
		50B1C79E1699746F0096BF93 /* en */ = {isa = PBXFileReference; lastKnownFileType = text.plist.strings; name = en; path = en.lproj/InfoPlist.strings; sourceTree = "<group>"; };
		50B1C7A01699746F0096BF93 /* main.m */ = {isa = PBXFileReference; lastKnownFileType = sourcecode.c.objc; path = main.m; sourceTree = "<group>"; };
		50B1C7A21699746F0096BF93 /* SimpleBook-Prefix.pch */ = {isa = PBXFileReference; lastKnownFileType = sourcecode.c.h; path = "SimpleBook-Prefix.pch"; sourceTree = "<group>"; };
		50B1C7A31699746F0096BF93 /* SBAppDelegate.h */ = {isa = PBXFileReference; lastKnownFileType = sourcecode.c.h; path = SBAppDelegate.h; sourceTree = "<group>"; };
		50B1C7A41699746F0096BF93 /* SBAppDelegate.m */ = {isa = PBXFileReference; lastKnownFileType = sourcecode.c.objc; path = SBAppDelegate.m; sourceTree = "<group>"; };
		50B1C7A61699746F0096BF93 /* SBRootViewController.h */ = {isa = PBXFileReference; lastKnownFileType = sourcecode.c.h; path = SBRootViewController.h; sourceTree = "<group>"; };
		50B1C7A71699746F0096BF93 /* SBRootViewController.m */ = {isa = PBXFileReference; lastKnownFileType = sourcecode.c.objc; path = SBRootViewController.m; sourceTree = "<group>"; };
		50B1C7A91699746F0096BF93 /* SBDataViewController.h */ = {isa = PBXFileReference; lastKnownFileType = sourcecode.c.h; path = SBDataViewController.h; sourceTree = "<group>"; };
		50B1C7AA1699746F0096BF93 /* SBDataViewController.m */ = {isa = PBXFileReference; lastKnownFileType = sourcecode.c.objc; path = SBDataViewController.m; sourceTree = "<group>"; };
		50B1C7AC1699746F0096BF93 /* SBModelController.h */ = {isa = PBXFileReference; lastKnownFileType = sourcecode.c.h; path = SBModelController.h; sourceTree = "<group>"; };
		50B1C7AD1699746F0096BF93 /* SBModelController.m */ = {isa = PBXFileReference; lastKnownFileType = sourcecode.c.objc; path = SBModelController.m; sourceTree = "<group>"; };
		50B1C7B01699746F0096BF93 /* en */ = {isa = PBXFileReference; lastKnownFileType = file.storyboard; name = en; path = en.lproj/MainStoryboard_iPhone.storyboard; sourceTree = "<group>"; };
		50B1C7B31699746F0096BF93 /* en */ = {isa = PBXFileReference; lastKnownFileType = file.storyboard; name = en; path = en.lproj/MainStoryboard_iPad.storyboard; sourceTree = "<group>"; };
		50B1C7BA169974700096BF93 /* SimpleBookTests.octest */ = {isa = PBXFileReference; explicitFileType = wrapper.cfbundle; includeInIndex = 0; path = SimpleBookTests.octest; sourceTree = BUILT_PRODUCTS_DIR; };
		50B1C7BB169974700096BF93 /* SenTestingKit.framework */ = {isa = PBXFileReference; lastKnownFileType = wrapper.framework; name = SenTestingKit.framework; path = Library/Frameworks/SenTestingKit.framework; sourceTree = DEVELOPER_DIR; };
		50B1C7C3169974700096BF93 /* SimpleBookTests-Info.plist */ = {isa = PBXFileReference; lastKnownFileType = text.plist.xml; path = "SimpleBookTests-Info.plist"; sourceTree = "<group>"; };
		50B1C7C5169974700096BF93 /* en */ = {isa = PBXFileReference; lastKnownFileType = text.plist.strings; name = en; path = en.lproj/InfoPlist.strings; sourceTree = "<group>"; };
		50B1C7C7169974700096BF93 /* SimpleBookTests.h */ = {isa = PBXFileReference; lastKnownFileType = sourcecode.c.h; path = SimpleBookTests.h; sourceTree = "<group>"; };
		50B1C7C8169974700096BF93 /* SimpleBookTests.m */ = {isa = PBXFileReference; lastKnownFileType = sourcecode.c.objc; path = SimpleBookTests.m; sourceTree = "<group>"; };
		50B1C7DD16997D850096BF93 /* lauxlib.h */ = {isa = PBXFileReference; fileEncoding = 4; lastKnownFileType = sourcecode.c.h; path = lauxlib.h; sourceTree = "<group>"; };
		50B1C7DE16997D850096BF93 /* lua.h */ = {isa = PBXFileReference; fileEncoding = 4; lastKnownFileType = sourcecode.c.h; path = lua.h; sourceTree = "<group>"; };
		50B1C7DF16997D850096BF93 /* lua.hpp */ = {isa = PBXFileReference; fileEncoding = 4; lastKnownFileType = sourcecode.cpp.h; path = lua.hpp; sourceTree = "<group>"; };
		50B1C7E016997D850096BF93 /* luaconf.h */ = {isa = PBXFileReference; fileEncoding = 4; lastKnownFileType = sourcecode.c.h; path = luaconf.h; sourceTree = "<group>"; };
		50B1C7E116997D850096BF93 /* luajit.h */ = {isa = PBXFileReference; fileEncoding = 4; lastKnownFileType = sourcecode.c.h; path = luajit.h; sourceTree = "<group>"; };
		50B1C7E216997D850096BF93 /* lualib.h */ = {isa = PBXFileReference; fileEncoding = 4; lastKnownFileType = sourcecode.c.h; path = lualib.h; sourceTree = "<group>"; };
		50B1C7E416997D850096BF93 /* libluajit2.a */ = {isa = PBXFileReference; lastKnownFileType = archive.ar; path = libluajit2.a; sourceTree = "<group>"; };
		50B1C7E6169982720096BF93 /* data */ = {isa = PBXFileReference; lastKnownFileType = folder; path = data; sourceTree = "<group>"; };
		BB18840A534789946776AF33 /* MovieObserver.h */ = {isa = PBXFileReference; fileEncoding = 4; lastKnownFileType = sourcecode.c.h; path = MovieObserver.h; sourceTree = "<group>"; };
		BB1884A31FEE1BFF556B229A /* MovieObserver.m */ = {isa = PBXFileReference; fileEncoding = 4; lastKnownFileType = sourcecode.c.objc; path = MovieObserver.m; sourceTree = "<group>"; };
		BB1889F127D331E5A055A820 /* LuaBridge.m */ = {isa = PBXFileReference; fileEncoding = 4; lastKnownFileType = sourcecode.c.objc; path = LuaBridge.m; sourceTree = "<group>"; };
		BB188C3ADF29DAEAD75BF2FD /* BlockInvocation.m */ = {isa = PBXFileReference; fileEncoding = 4; lastKnownFileType = sourcecode.c.objc; path = BlockInvocation.m; sourceTree = "<group>"; };
		BB188D09FDEF860C6742B5F2 /* BlockInvocation.h */ = {isa = PBXFileReference; fileEncoding = 4; lastKnownFileType = sourcecode.c.h; path = BlockInvocation.h; sourceTree = "<group>"; };
		BB188EC3A6D18A0903473156 /* LuaBridge.h */ = {isa = PBXFileReference; fileEncoding = 4; lastKnownFileType = sourcecode.c.h; path = LuaBridge.h; sourceTree = "<group>"; };
		CD1AD2C616FC531C00648777 /* MWCaptionView.h */ = {isa = PBXFileReference; fileEncoding = 4; lastKnownFileType = sourcecode.c.h; path = MWCaptionView.h; sourceTree = "<group>"; };
		CD1AD2C716FC531C00648777 /* MWCaptionView.m */ = {isa = PBXFileReference; fileEncoding = 4; lastKnownFileType = sourcecode.c.objc; path = MWCaptionView.m; sourceTree = "<group>"; };
		CD1AD2C816FC531C00648777 /* MWPhoto.h */ = {isa = PBXFileReference; fileEncoding = 4; lastKnownFileType = sourcecode.c.h; path = MWPhoto.h; sourceTree = "<group>"; };
		CD1AD2C916FC531C00648777 /* MWPhoto.m */ = {isa = PBXFileReference; fileEncoding = 4; lastKnownFileType = sourcecode.c.objc; path = MWPhoto.m; sourceTree = "<group>"; };
		CD1AD2CA16FC531C00648777 /* MWPhotoBrowser.h */ = {isa = PBXFileReference; fileEncoding = 4; lastKnownFileType = sourcecode.c.h; path = MWPhotoBrowser.h; sourceTree = "<group>"; };
		CD1AD2CB16FC531C00648777 /* MWPhotoBrowser.m */ = {isa = PBXFileReference; fileEncoding = 4; lastKnownFileType = sourcecode.c.objc; path = MWPhotoBrowser.m; sourceTree = "<group>"; };
		CD1AD2CC16FC531C00648777 /* MWPhotoProtocol.h */ = {isa = PBXFileReference; fileEncoding = 4; lastKnownFileType = sourcecode.c.h; path = MWPhotoProtocol.h; sourceTree = "<group>"; };
		CD1AD2CD16FC531C00648777 /* MWTapDetectingImageView.h */ = {isa = PBXFileReference; fileEncoding = 4; lastKnownFileType = sourcecode.c.h; path = MWTapDetectingImageView.h; sourceTree = "<group>"; };
		CD1AD2CE16FC531C00648777 /* MWTapDetectingImageView.m */ = {isa = PBXFileReference; fileEncoding = 4; lastKnownFileType = sourcecode.c.objc; path = MWTapDetectingImageView.m; sourceTree = "<group>"; };
		CD1AD2CF16FC531C00648777 /* MWTapDetectingView.h */ = {isa = PBXFileReference; fileEncoding = 4; lastKnownFileType = sourcecode.c.h; path = MWTapDetectingView.h; sourceTree = "<group>"; };
		CD1AD2D016FC531C00648777 /* MWTapDetectingView.m */ = {isa = PBXFileReference; fileEncoding = 4; lastKnownFileType = sourcecode.c.objc; path = MWTapDetectingView.m; sourceTree = "<group>"; };
		CD1AD2D116FC531C00648777 /* MWZoomingScrollView.h */ = {isa = PBXFileReference; fileEncoding = 4; lastKnownFileType = sourcecode.c.h; path = MWZoomingScrollView.h; sourceTree = "<group>"; };
		CD1AD2D216FC531C00648777 /* MWZoomingScrollView.m */ = {isa = PBXFileReference; fileEncoding = 4; lastKnownFileType = sourcecode.c.objc; path = MWZoomingScrollView.m; sourceTree = "<group>"; };
		CD1AD2D516FC531C00648777 /* MBProgressHUD.h */ = {isa = PBXFileReference; fileEncoding = 4; lastKnownFileType = sourcecode.c.h; path = MBProgressHUD.h; sourceTree = "<group>"; };
		CD1AD2D616FC531C00648777 /* MBProgressHUD.m */ = {isa = PBXFileReference; fileEncoding = 4; lastKnownFileType = sourcecode.c.objc; path = MBProgressHUD.m; sourceTree = "<group>"; };
		CD1AD2D716FC531C00648777 /* README.mdown */ = {isa = PBXFileReference; fileEncoding = 4; lastKnownFileType = text; path = README.mdown; sourceTree = "<group>"; };
		CD1AD2D916FC531C00648777 /* .gitignore */ = {isa = PBXFileReference; fileEncoding = 4; lastKnownFileType = text; path = .gitignore; sourceTree = "<group>"; };
		CD1AD2DA16FC531C00648777 /* LICENSE */ = {isa = PBXFileReference; fileEncoding = 4; lastKnownFileType = text; path = LICENSE; sourceTree = "<group>"; };
		CD1AD2DB16FC531C00648777 /* README.md */ = {isa = PBXFileReference; fileEncoding = 4; lastKnownFileType = text; path = README.md; sourceTree = "<group>"; };
		CD1AD2DC16FC531C00648777 /* SDImageCache.h */ = {isa = PBXFileReference; fileEncoding = 4; lastKnownFileType = sourcecode.c.h; path = SDImageCache.h; sourceTree = "<group>"; };
		CD1AD2DD16FC531C00648777 /* SDImageCache.m */ = {isa = PBXFileReference; fileEncoding = 4; lastKnownFileType = sourcecode.c.objc; path = SDImageCache.m; sourceTree = "<group>"; };
		CD1AD2DE16FC531C00648777 /* SDImageCacheDelegate.h */ = {isa = PBXFileReference; fileEncoding = 4; lastKnownFileType = sourcecode.c.h; path = SDImageCacheDelegate.h; sourceTree = "<group>"; };
		CD1AD2DF16FC531C00648777 /* SDWebImageCompat.h */ = {isa = PBXFileReference; fileEncoding = 4; lastKnownFileType = sourcecode.c.h; path = SDWebImageCompat.h; sourceTree = "<group>"; };
		CD1AD2E016FC531C00648777 /* SDWebImageDecoder.h */ = {isa = PBXFileReference; fileEncoding = 4; lastKnownFileType = sourcecode.c.h; path = SDWebImageDecoder.h; sourceTree = "<group>"; };
		CD1AD2E116FC531C00648777 /* SDWebImageDecoder.m */ = {isa = PBXFileReference; fileEncoding = 4; lastKnownFileType = sourcecode.c.objc; path = SDWebImageDecoder.m; sourceTree = "<group>"; };
		CD1AD2E216FC531C00648777 /* SDWebImageDownloader.h */ = {isa = PBXFileReference; fileEncoding = 4; lastKnownFileType = sourcecode.c.h; path = SDWebImageDownloader.h; sourceTree = "<group>"; };
		CD1AD2E316FC531C00648777 /* SDWebImageDownloader.m */ = {isa = PBXFileReference; fileEncoding = 4; lastKnownFileType = sourcecode.c.objc; path = SDWebImageDownloader.m; sourceTree = "<group>"; };
		CD1AD2E416FC531C00648777 /* SDWebImageDownloaderDelegate.h */ = {isa = PBXFileReference; fileEncoding = 4; lastKnownFileType = sourcecode.c.h; path = SDWebImageDownloaderDelegate.h; sourceTree = "<group>"; };
		CD1AD2E516FC531C00648777 /* SDWebImageManager.h */ = {isa = PBXFileReference; fileEncoding = 4; lastKnownFileType = sourcecode.c.h; path = SDWebImageManager.h; sourceTree = "<group>"; };
		CD1AD2E616FC531C00648777 /* SDWebImageManager.m */ = {isa = PBXFileReference; fileEncoding = 4; lastKnownFileType = sourcecode.c.objc; path = SDWebImageManager.m; sourceTree = "<group>"; };
		CD1AD2E716FC531C00648777 /* SDWebImageManagerDelegate.h */ = {isa = PBXFileReference; fileEncoding = 4; lastKnownFileType = sourcecode.c.h; path = SDWebImageManagerDelegate.h; sourceTree = "<group>"; };
		CD1AD2E816FC531C00648777 /* SDWebImagePrefetcher.h */ = {isa = PBXFileReference; fileEncoding = 4; lastKnownFileType = sourcecode.c.h; path = SDWebImagePrefetcher.h; sourceTree = "<group>"; };
		CD1AD2E916FC531C00648777 /* SDWebImagePrefetcher.m */ = {isa = PBXFileReference; fileEncoding = 4; lastKnownFileType = sourcecode.c.objc; path = SDWebImagePrefetcher.m; sourceTree = "<group>"; };
		CD1AD2EA16FC531C00648777 /* UIButton+WebCache.h */ = {isa = PBXFileReference; fileEncoding = 4; lastKnownFileType = sourcecode.c.h; path = "UIButton+WebCache.h"; sourceTree = "<group>"; };
		CD1AD2EB16FC531C00648777 /* UIButton+WebCache.m */ = {isa = PBXFileReference; fileEncoding = 4; lastKnownFileType = sourcecode.c.objc; path = "UIButton+WebCache.m"; sourceTree = "<group>"; };
		CD1AD2EC16FC531C00648777 /* UIImageView+WebCache.h */ = {isa = PBXFileReference; fileEncoding = 4; lastKnownFileType = sourcecode.c.h; path = "UIImageView+WebCache.h"; sourceTree = "<group>"; };
		CD1AD2ED16FC531C00648777 /* UIImageView+WebCache.m */ = {isa = PBXFileReference; fileEncoding = 4; lastKnownFileType = sourcecode.c.objc; path = "UIImageView+WebCache.m"; sourceTree = "<group>"; };
		CD1AD2EE16FC531C00648777 /* MWPhotoBrowser-Prefix.pch */ = {isa = PBXFileReference; fileEncoding = 4; lastKnownFileType = sourcecode.c.h; path = "MWPhotoBrowser-Prefix.pch"; sourceTree = "<group>"; };
		CD1AD2EF16FC531C00648777 /* MWPhotoBrowser.bundle */ = {isa = PBXFileReference; lastKnownFileType = "wrapper.plug-in"; path = MWPhotoBrowser.bundle; sourceTree = "<group>"; };
		CD1AD2F016FC531C00648777 /* MWPhotoBrowser.xcodeproj */ = {isa = PBXFileReference; lastKnownFileType = "wrapper.pb-project"; path = MWPhotoBrowser.xcodeproj; sourceTree = "<group>"; };
		CD9BDAB316FD567D00739E54 /* MessageUI.framework */ = {isa = PBXFileReference; lastKnownFileType = wrapper.framework; name = MessageUI.framework; path = System/Library/Frameworks/MessageUI.framework; sourceTree = SDKROOT; };
		CD9BDAD016FDAF3A00739E54 /* SBPanel.h */ = {isa = PBXFileReference; fileEncoding = 4; lastKnownFileType = sourcecode.c.h; path = SBPanel.h; sourceTree = "<group>"; };
		CD9BDAD116FDAF3A00739E54 /* SBPanel.m */ = {isa = PBXFileReference; fileEncoding = 4; lastKnownFileType = sourcecode.c.objc; path = SBPanel.m; sourceTree = "<group>"; };
		CD9CE00416FF0034002089B8 /* CoreAudio.framework */ = {isa = PBXFileReference; lastKnownFileType = wrapper.framework; name = CoreAudio.framework; path = System/Library/Frameworks/CoreAudio.framework; sourceTree = SDKROOT; };
/* End PBXFileReference section */

/* Begin PBXFrameworksBuildPhase section */
		50B1C78D1699746F0096BF93 /* Frameworks */ = {
			isa = PBXFrameworksBuildPhase;
			buildActionMask = 2147483647;
			files = (
				CD9CE00516FF0035002089B8 /* CoreAudio.framework in Frameworks */,
				CD9BDAB416FD567D00739E54 /* MessageUI.framework in Frameworks */,
				CD1AD30916FC5ECF00648777 /* libMWPhotoBrowser.a in Frameworks */,
				5023001716B7A9C8001F1226 /* MediaPlayer.framework in Frameworks */,
				5023001516B7A9C1001F1226 /* CoreFoundation.framework in Frameworks */,
				50F3BCC1169D66A300E16146 /* CoreGraphics.framework in Frameworks */,
				50F3BCC2169D66A300E16146 /* Foundation.framework in Frameworks */,
				50F3BCC3169D66A300E16146 /* UIKit.framework in Frameworks */,
				50B1C7E516997D850096BF93 /* libluajit2.a in Frameworks */,
				506E2EC1169C2A8000D2D1CE /* libexpat.a in Frameworks */,
			);
			runOnlyForDeploymentPostprocessing = 0;
		};
		50B1C7B6169974700096BF93 /* Frameworks */ = {
			isa = PBXFrameworksBuildPhase;
			buildActionMask = 2147483647;
			files = (
				50B1C7BC169974700096BF93 /* SenTestingKit.framework in Frameworks */,
				50B1C7BD169974700096BF93 /* UIKit.framework in Frameworks */,
				50B1C7BE169974700096BF93 /* Foundation.framework in Frameworks */,
			);
			runOnlyForDeploymentPostprocessing = 0;
		};
/* End PBXFrameworksBuildPhase section */

/* Begin PBXGroup section */
		50B1C7851699746F0096BF93 = {
			isa = PBXGroup;
			children = (
				CD9CE00416FF0034002089B8 /* CoreAudio.framework */,
				CD9BDAB316FD567D00739E54 /* MessageUI.framework */,
				506E2ECD169C3A1D00D2D1CE /* System */,
				50B1C7E6169982720096BF93 /* data */,
				50B1C7DB16997D850096BF93 /* 3rd */,
				50B1C79A1699746F0096BF93 /* SimpleBook */,
				50B1C7C1169974700096BF93 /* SimpleBookTests */,
				50B1C7931699746F0096BF93 /* Frameworks */,
				50B1C7911699746F0096BF93 /* Products */,
			);
			sourceTree = "<group>";
		};
		50B1C7911699746F0096BF93 /* Products */ = {
			isa = PBXGroup;
			children = (
				50B1C7901699746F0096BF93 /* SimpleBook.app */,
				50B1C7BA169974700096BF93 /* SimpleBookTests.octest */,
			);
			name = Products;
			sourceTree = "<group>";
		};
		50B1C7931699746F0096BF93 /* Frameworks */ = {
			isa = PBXGroup;
			children = (
				5023001616B7A9C8001F1226 /* MediaPlayer.framework */,
				5023001416B7A9C1001F1226 /* CoreFoundation.framework */,
				50B1C7941699746F0096BF93 /* UIKit.framework */,
				50B1C7961699746F0096BF93 /* Foundation.framework */,
				50B1C7981699746F0096BF93 /* CoreGraphics.framework */,
				50B1C7BB169974700096BF93 /* SenTestingKit.framework */,
			);
			name = Frameworks;
			sourceTree = "<group>";
		};
		50B1C79A1699746F0096BF93 /* SimpleBook */ = {
			isa = PBXGroup;
			children = (
				CD1AD2C416FC531C00648777 /* MWPhotoBrowser */,
				50B1C7A31699746F0096BF93 /* SBAppDelegate.h */,
				50B1C7A41699746F0096BF93 /* SBAppDelegate.m */,
				50B1C7A61699746F0096BF93 /* SBRootViewController.h */,
				50B1C7A71699746F0096BF93 /* SBRootViewController.m */,
				50B1C7A91699746F0096BF93 /* SBDataViewController.h */,
				50B1C7AA1699746F0096BF93 /* SBDataViewController.m */,
				50B1C7AC1699746F0096BF93 /* SBModelController.h */,
				50B1C7AD1699746F0096BF93 /* SBModelController.m */,
				50B1C7AF1699746F0096BF93 /* MainStoryboard_iPhone.storyboard */,
				50B1C7B21699746F0096BF93 /* MainStoryboard_iPad.storyboard */,
				50B1C79B1699746F0096BF93 /* Supporting Files */,
				BB1889F127D331E5A055A820 /* LuaBridge.m */,
				BB188EC3A6D18A0903473156 /* LuaBridge.h */,
				BB188C3ADF29DAEAD75BF2FD /* BlockInvocation.m */,
				BB188D09FDEF860C6742B5F2 /* BlockInvocation.h */,
				BB1884A31FEE1BFF556B229A /* MovieObserver.m */,
				BB18840A534789946776AF33 /* MovieObserver.h */,
				CD9BDAD016FDAF3A00739E54 /* SBPanel.h */,
				CD9BDAD116FDAF3A00739E54 /* SBPanel.m */,
			);
			path = SimpleBook;
			sourceTree = "<group>";
		};
		50B1C79B1699746F0096BF93 /* Supporting Files */ = {
			isa = PBXGroup;
			children = (
				50B1C79C1699746F0096BF93 /* SimpleBook-Info.plist */,
				50B1C79D1699746F0096BF93 /* InfoPlist.strings */,
				50B1C7A01699746F0096BF93 /* main.m */,
				50B1C7A21699746F0096BF93 /* SimpleBook-Prefix.pch */,
			);
			name = "Supporting Files";
			sourceTree = "<group>";
		};
		50B1C7C1169974700096BF93 /* SimpleBookTests */ = {
			isa = PBXGroup;
			children = (
				50B1C7C7169974700096BF93 /* SimpleBookTests.h */,
				50B1C7C8169974700096BF93 /* SimpleBookTests.m */,
				50B1C7C2169974700096BF93 /* Supporting Files */,
			);
			path = SimpleBookTests;
			sourceTree = "<group>";
		};
		50B1C7C2169974700096BF93 /* Supporting Files */ = {
			isa = PBXGroup;
			children = (
				50B1C7C3169974700096BF93 /* SimpleBookTests-Info.plist */,
				50B1C7C4169974700096BF93 /* InfoPlist.strings */,
			);
			name = "Supporting Files";
			sourceTree = "<group>";
		};
		50B1C7DB16997D850096BF93 /* 3rd */ = {
			isa = PBXGroup;
			children = (
				506E2EC5169C2ABF00D2D1CE /* src */,
				50B1C7DC16997D850096BF93 /* include */,
				50B1C7E316997D850096BF93 /* lib */,
			);
			name = 3rd;
			path = ../3rd;
			sourceTree = "<group>";
		};
		50B1C7DC16997D850096BF93 /* include */ = {
			isa = PBXGroup;
			children = (
				506E2EBB169C2A8000D2D1CE /* expat_external.h */,
				506E2EBC169C2A8000D2D1CE /* expat.h */,
				506E2EBF169C2A8000D2D1CE /* lxplib.c */,
				506E2EC0169C2A8000D2D1CE /* lxplib.h */,
				50B1C7DD16997D850096BF93 /* lauxlib.h */,
				50B1C7DE16997D850096BF93 /* lua.h */,
				50B1C7DF16997D850096BF93 /* lua.hpp */,
				50B1C7E016997D850096BF93 /* luaconf.h */,
				50B1C7E116997D850096BF93 /* luajit.h */,
				50B1C7E216997D850096BF93 /* lualib.h */,
			);
			path = include;
			sourceTree = "<group>";
		};
		50B1C7E316997D850096BF93 /* lib */ = {
			isa = PBXGroup;
			children = (
				506E2EBD169C2A8000D2D1CE /* libexpat.a */,
				50B1C7E416997D850096BF93 /* libluajit2.a */,
			);
			path = lib;
			sourceTree = "<group>";
		};
		CD1AD2C416FC531C00648777 /* MWPhotoBrowser */ = {
			isa = PBXGroup;
			children = (
				CD1AD2C516FC531C00648777 /* Classes */,
				CD1AD2D316FC531C00648777 /* Libraries */,
				CD1AD2EE16FC531C00648777 /* MWPhotoBrowser-Prefix.pch */,
				CD1AD2EF16FC531C00648777 /* MWPhotoBrowser.bundle */,
				CD1AD2F016FC531C00648777 /* MWPhotoBrowser.xcodeproj */,
			);
			path = MWPhotoBrowser;
			sourceTree = "<group>";
		};
		CD1AD2C516FC531C00648777 /* Classes */ = {
			isa = PBXGroup;
			children = (
				CD1AD2C616FC531C00648777 /* MWCaptionView.h */,
				CD1AD2C716FC531C00648777 /* MWCaptionView.m */,
				CD1AD2C816FC531C00648777 /* MWPhoto.h */,
				CD1AD2C916FC531C00648777 /* MWPhoto.m */,
				CD1AD2CA16FC531C00648777 /* MWPhotoBrowser.h */,
				CD1AD2CB16FC531C00648777 /* MWPhotoBrowser.m */,
				CD1AD2CC16FC531C00648777 /* MWPhotoProtocol.h */,
				CD1AD2CD16FC531C00648777 /* MWTapDetectingImageView.h */,
				CD1AD2CE16FC531C00648777 /* MWTapDetectingImageView.m */,
				CD1AD2CF16FC531C00648777 /* MWTapDetectingView.h */,
				CD1AD2D016FC531C00648777 /* MWTapDetectingView.m */,
				CD1AD2D116FC531C00648777 /* MWZoomingScrollView.h */,
				CD1AD2D216FC531C00648777 /* MWZoomingScrollView.m */,
			);
			path = Classes;
			sourceTree = "<group>";
		};
		CD1AD2D316FC531C00648777 /* Libraries */ = {
			isa = PBXGroup;
			children = (
				CD1AD2D416FC531C00648777 /* MBProgressHUD */,
				CD1AD2D816FC531C00648777 /* SDWebImage */,
			);
			path = Libraries;
			sourceTree = "<group>";
		};
		CD1AD2D416FC531C00648777 /* MBProgressHUD */ = {
			isa = PBXGroup;
			children = (
				CD1AD2D516FC531C00648777 /* MBProgressHUD.h */,
				CD1AD2D616FC531C00648777 /* MBProgressHUD.m */,
				CD1AD2D716FC531C00648777 /* README.mdown */,
			);
			path = MBProgressHUD;
			sourceTree = "<group>";
		};
		CD1AD2D816FC531C00648777 /* SDWebImage */ = {
			isa = PBXGroup;
			children = (
				CD1AD2D916FC531C00648777 /* .gitignore */,
				CD1AD2DA16FC531C00648777 /* LICENSE */,
				CD1AD2DB16FC531C00648777 /* README.md */,
				CD1AD2DC16FC531C00648777 /* SDImageCache.h */,
				CD1AD2DD16FC531C00648777 /* SDImageCache.m */,
				CD1AD2DE16FC531C00648777 /* SDImageCacheDelegate.h */,
				CD1AD2DF16FC531C00648777 /* SDWebImageCompat.h */,
				CD1AD2E016FC531C00648777 /* SDWebImageDecoder.h */,
				CD1AD2E116FC531C00648777 /* SDWebImageDecoder.m */,
				CD1AD2E216FC531C00648777 /* SDWebImageDownloader.h */,
				CD1AD2E316FC531C00648777 /* SDWebImageDownloader.m */,
				CD1AD2E416FC531C00648777 /* SDWebImageDownloaderDelegate.h */,
				CD1AD2E516FC531C00648777 /* SDWebImageManager.h */,
				CD1AD2E616FC531C00648777 /* SDWebImageManager.m */,
				CD1AD2E716FC531C00648777 /* SDWebImageManagerDelegate.h */,
				CD1AD2E816FC531C00648777 /* SDWebImagePrefetcher.h */,
				CD1AD2E916FC531C00648777 /* SDWebImagePrefetcher.m */,
				CD1AD2EA16FC531C00648777 /* UIButton+WebCache.h */,
				CD1AD2EB16FC531C00648777 /* UIButton+WebCache.m */,
				CD1AD2EC16FC531C00648777 /* UIImageView+WebCache.h */,
				CD1AD2ED16FC531C00648777 /* UIImageView+WebCache.m */,
			);
			path = SDWebImage;
			sourceTree = "<group>";
		};
		CD1AD2F116FC531C00648777 /* Products */ = {
			isa = PBXGroup;
			children = (
				CD1AD30816FC531C00648777 /* libMWPhotoBrowser.a */,
			);
			name = Products;
			sourceTree = "<group>";
		};
/* End PBXGroup section */

/* Begin PBXNativeTarget section */
		50B1C78F1699746F0096BF93 /* SimpleBook */ = {
			isa = PBXNativeTarget;
			buildConfigurationList = 50B1C7CC169974700096BF93 /* Build configuration list for PBXNativeTarget "SimpleBook" */;
			buildPhases = (
				50B1C78C1699746F0096BF93 /* Sources */,
				50B1C78D1699746F0096BF93 /* Frameworks */,
				50B1C78E1699746F0096BF93 /* Resources */,
			);
			buildRules = (
			);
			dependencies = (
				CD1AD30B16FC5F6B00648777 /* PBXTargetDependency */,
			);
			name = SimpleBook;
			productName = SimpleBook;
			productReference = 50B1C7901699746F0096BF93 /* SimpleBook.app */;
			productType = "com.apple.product-type.application";
		};
		50B1C7B9169974700096BF93 /* SimpleBookTests */ = {
			isa = PBXNativeTarget;
			buildConfigurationList = 50B1C7CF169974700096BF93 /* Build configuration list for PBXNativeTarget "SimpleBookTests" */;
			buildPhases = (
				50B1C7B5169974700096BF93 /* Sources */,
				50B1C7B6169974700096BF93 /* Frameworks */,
				50B1C7B7169974700096BF93 /* Resources */,
				50B1C7B8169974700096BF93 /* ShellScript */,
			);
			buildRules = (
			);
			dependencies = (
				50B1C7C0169974700096BF93 /* PBXTargetDependency */,
			);
			name = SimpleBookTests;
			productName = SimpleBookTests;
			productReference = 50B1C7BA169974700096BF93 /* SimpleBookTests.octest */;
			productType = "com.apple.product-type.bundle";
		};
/* End PBXNativeTarget section */

/* Begin PBXProject section */
		50B1C7871699746F0096BF93 /* Project object */ = {
			isa = PBXProject;
			attributes = {
				LastUpgradeCheck = 0420;
				ORGANIZATIONNAME = "MySelf Inc.";
			};
			buildConfigurationList = 50B1C78A1699746F0096BF93 /* Build configuration list for PBXProject "SimpleBook" */;
			compatibilityVersion = "Xcode 3.2";
			developmentRegion = English;
			hasScannedForEncodings = 0;
			knownRegions = (
				en,
			);
			mainGroup = 50B1C7851699746F0096BF93;
			productRefGroup = 50B1C7911699746F0096BF93 /* Products */;
			projectDirPath = "";
			projectReferences = (
				{
					ProductGroup = CD1AD2F116FC531C00648777 /* Products */;
					ProjectRef = CD1AD2F016FC531C00648777 /* MWPhotoBrowser.xcodeproj */;
				},
			);
			projectRoot = "";
			targets = (
				50B1C78F1699746F0096BF93 /* SimpleBook */,
				50B1C7B9169974700096BF93 /* SimpleBookTests */,
			);
		};
/* End PBXProject section */

/* Begin PBXReferenceProxy section */
		CD1AD30816FC531C00648777 /* libMWPhotoBrowser.a */ = {
			isa = PBXReferenceProxy;
			fileType = archive.ar;
			path = libMWPhotoBrowser.a;
			remoteRef = CD1AD30716FC531C00648777 /* PBXContainerItemProxy */;
			sourceTree = BUILT_PRODUCTS_DIR;
		};
/* End PBXReferenceProxy section */

/* Begin PBXResourcesBuildPhase section */
		50B1C78E1699746F0096BF93 /* Resources */ = {
			isa = PBXResourcesBuildPhase;
			buildActionMask = 2147483647;
			files = (
				50B1C79F1699746F0096BF93 /* InfoPlist.strings in Resources */,
				50B1C7B11699746F0096BF93 /* MainStoryboard_iPhone.storyboard in Resources */,
				50B1C7B41699746F0096BF93 /* MainStoryboard_iPad.storyboard in Resources */,
				50B1C7E7169982720096BF93 /* data in Resources */,
				506E2ECE169C3A1D00D2D1CE /* System in Resources */,
				CD1AD2FA16FC531C00648777 /* README.mdown in Resources */,
				CD1AD2FB16FC531C00648777 /* .gitignore in Resources */,
				CD1AD2FC16FC531C00648777 /* LICENSE in Resources */,
				CD1AD2FD16FC531C00648777 /* README.md in Resources */,
				CD1AD30516FC531C00648777 /* MWPhotoBrowser.bundle in Resources */,
			);
			runOnlyForDeploymentPostprocessing = 0;
		};
		50B1C7B7169974700096BF93 /* Resources */ = {
			isa = PBXResourcesBuildPhase;
			buildActionMask = 2147483647;
			files = (
				50B1C7C6169974700096BF93 /* InfoPlist.strings in Resources */,
			);
			runOnlyForDeploymentPostprocessing = 0;
		};
/* End PBXResourcesBuildPhase section */

/* Begin PBXShellScriptBuildPhase section */
		50B1C7B8169974700096BF93 /* ShellScript */ = {
			isa = PBXShellScriptBuildPhase;
			buildActionMask = 2147483647;
			files = (
			);
			inputPaths = (
			);
			outputPaths = (
			);
			runOnlyForDeploymentPostprocessing = 0;
			shellPath = /bin/sh;
			shellScript = "# Run the unit tests in this test bundle.\n\"${SYSTEM_DEVELOPER_DIR}/Tools/RunUnitTests\"\n";
		};
/* End PBXShellScriptBuildPhase section */

/* Begin PBXSourcesBuildPhase section */
		50B1C78C1699746F0096BF93 /* Sources */ = {
			isa = PBXSourcesBuildPhase;
			buildActionMask = 2147483647;
			files = (
				50B1C7A11699746F0096BF93 /* main.m in Sources */,
				50B1C7A51699746F0096BF93 /* SBAppDelegate.m in Sources */,
				50B1C7A81699746F0096BF93 /* SBRootViewController.m in Sources */,
				50B1C7AB1699746F0096BF93 /* SBDataViewController.m in Sources */,
				50B1C7AE1699746F0096BF93 /* SBModelController.m in Sources */,
				BB18885A50164624102C3F9D /* LuaBridge.m in Sources */,
				506E2EC3169C2A8000D2D1CE /* lxplib.c in Sources */,
				BB188F753AAFC6D4C2149509 /* BlockInvocation.m in Sources */,
				BB188C0F01CD40245E0A739C /* MovieObserver.m in Sources */,
				CD9BDAD216FDAF3B00739E54 /* SBPanel.m in Sources */,
			);
			runOnlyForDeploymentPostprocessing = 0;
		};
		50B1C7B5169974700096BF93 /* Sources */ = {
			isa = PBXSourcesBuildPhase;
			buildActionMask = 2147483647;
			files = (
				50B1C7C9169974700096BF93 /* SimpleBookTests.m in Sources */,
			);
			runOnlyForDeploymentPostprocessing = 0;
		};
/* End PBXSourcesBuildPhase section */

/* Begin PBXTargetDependency section */
		50B1C7C0169974700096BF93 /* PBXTargetDependency */ = {
			isa = PBXTargetDependency;
			target = 50B1C78F1699746F0096BF93 /* SimpleBook */;
			targetProxy = 50B1C7BF169974700096BF93 /* PBXContainerItemProxy */;
		};
		CD1AD30B16FC5F6B00648777 /* PBXTargetDependency */ = {
			isa = PBXTargetDependency;
			name = MWPhotoBrowser;
			targetProxy = CD1AD30A16FC5F6B00648777 /* PBXContainerItemProxy */;
		};
/* End PBXTargetDependency section */

/* Begin PBXVariantGroup section */
		50B1C79D1699746F0096BF93 /* InfoPlist.strings */ = {
			isa = PBXVariantGroup;
			children = (
				50B1C79E1699746F0096BF93 /* en */,
			);
			name = InfoPlist.strings;
			sourceTree = "<group>";
		};
		50B1C7AF1699746F0096BF93 /* MainStoryboard_iPhone.storyboard */ = {
			isa = PBXVariantGroup;
			children = (
				50B1C7B01699746F0096BF93 /* en */,
			);
			name = MainStoryboard_iPhone.storyboard;
			sourceTree = "<group>";
		};
		50B1C7B21699746F0096BF93 /* MainStoryboard_iPad.storyboard */ = {
			isa = PBXVariantGroup;
			children = (
				50B1C7B31699746F0096BF93 /* en */,
			);
			name = MainStoryboard_iPad.storyboard;
			sourceTree = "<group>";
		};
		50B1C7C4169974700096BF93 /* InfoPlist.strings */ = {
			isa = PBXVariantGroup;
			children = (
				50B1C7C5169974700096BF93 /* en */,
			);
			name = InfoPlist.strings;
			sourceTree = "<group>";
		};
/* End PBXVariantGroup section */

/* Begin XCBuildConfiguration section */
		50B1C7CA169974700096BF93 /* Debug */ = {
			isa = XCBuildConfiguration;
			buildSettings = {
				ALWAYS_SEARCH_USER_PATHS = NO;
				ARCHS = "$(ARCHS_STANDARD_32_BIT)";
				CLANG_ENABLE_OBJC_ARC = YES;
				"CODE_SIGN_IDENTITY[sdk=iphoneos*]" = "iPhone Developer";
				COPY_PHASE_STRIP = NO;
				GCC_C_LANGUAGE_STANDARD = gnu99;
				GCC_DYNAMIC_NO_PIC = NO;
				GCC_OPTIMIZATION_LEVEL = 0;
				GCC_PREPROCESSOR_DEFINITIONS = (
					"DEBUG=1",
					"$(inherited)",
				);
				GCC_SYMBOLS_PRIVATE_EXTERN = NO;
				GCC_VERSION = com.apple.compilers.llvm.clang.1_0;
				GCC_WARN_ABOUT_MISSING_PROTOTYPES = YES;
				GCC_WARN_ABOUT_RETURN_TYPE = YES;
				GCC_WARN_UNUSED_VARIABLE = YES;
				IPHONEOS_DEPLOYMENT_TARGET = 5.0;
				SDKROOT = iphoneos;
				TARGETED_DEVICE_FAMILY = "1,2";
			};
			name = Debug;
		};
		50B1C7CB169974700096BF93 /* Release */ = {
			isa = XCBuildConfiguration;
			buildSettings = {
				ALWAYS_SEARCH_USER_PATHS = NO;
				ARCHS = "$(ARCHS_STANDARD_32_BIT)";
				CLANG_ENABLE_OBJC_ARC = YES;
				"CODE_SIGN_IDENTITY[sdk=iphoneos*]" = "iPhone Developer";
				COPY_PHASE_STRIP = YES;
				GCC_C_LANGUAGE_STANDARD = gnu99;
				GCC_VERSION = com.apple.compilers.llvm.clang.1_0;
				GCC_WARN_ABOUT_MISSING_PROTOTYPES = YES;
				GCC_WARN_ABOUT_RETURN_TYPE = YES;
				GCC_WARN_UNUSED_VARIABLE = YES;
				IPHONEOS_DEPLOYMENT_TARGET = 5.0;
				OTHER_CFLAGS = "-DNS_BLOCK_ASSERTIONS=1";
				SDKROOT = iphoneos;
				TARGETED_DEVICE_FAMILY = "1,2";
				VALIDATE_PRODUCT = YES;
			};
			name = Release;
		};
		50B1C7CD169974700096BF93 /* Debug */ = {
			isa = XCBuildConfiguration;
			buildSettings = {
				FRAMEWORK_SEARCH_PATHS = "";
				GCC_PRECOMPILE_PREFIX_HEADER = YES;
				GCC_PREFIX_HEADER = "SimpleBook/SimpleBook-Prefix.pch";
				INFOPLIST_FILE = "SimpleBook/SimpleBook-Info.plist";
				LIBRARY_SEARCH_PATHS = (
					"$(inherited)",
					"\"$(SRCROOT)/../3rd/lib\"",
				);
				PRODUCT_NAME = "$(TARGET_NAME)";
				VALID_ARCHS = armv7;
				WRAPPER_EXTENSION = app;
			};
			name = Debug;
		};
		50B1C7CE169974700096BF93 /* Release */ = {
			isa = XCBuildConfiguration;
			buildSettings = {
				FRAMEWORK_SEARCH_PATHS = "";
				GCC_PRECOMPILE_PREFIX_HEADER = YES;
				GCC_PREFIX_HEADER = "SimpleBook/SimpleBook-Prefix.pch";
				INFOPLIST_FILE = "SimpleBook/SimpleBook-Info.plist";
				LIBRARY_SEARCH_PATHS = (
					"$(inherited)",
					"\"$(SRCROOT)/../3rd/lib\"",
				);
				PRODUCT_NAME = "$(TARGET_NAME)";
				VALID_ARCHS = armv7;
				WRAPPER_EXTENSION = app;
			};
			name = Release;
		};
		50B1C7D0169974700096BF93 /* Debug */ = {
			isa = XCBuildConfiguration;
			buildSettings = {
				BUNDLE_LOADER = "$(BUILT_PRODUCTS_DIR)/SimpleBook.app/SimpleBook";
				FRAMEWORK_SEARCH_PATHS = (
					"$(SDKROOT)/Developer/Library/Frameworks",
					"$(DEVELOPER_LIBRARY_DIR)/Frameworks",
				);
				GCC_PRECOMPILE_PREFIX_HEADER = YES;
				GCC_PREFIX_HEADER = "SimpleBook/SimpleBook-Prefix.pch";
				INFOPLIST_FILE = "SimpleBookTests/SimpleBookTests-Info.plist";
				PRODUCT_NAME = "$(TARGET_NAME)";
				TEST_HOST = "$(BUNDLE_LOADER)";
				WRAPPER_EXTENSION = octest;
			};
			name = Debug;
		};
		50B1C7D1169974700096BF93 /* Release */ = {
			isa = XCBuildConfiguration;
			buildSettings = {
				BUNDLE_LOADER = "$(BUILT_PRODUCTS_DIR)/SimpleBook.app/SimpleBook";
				FRAMEWORK_SEARCH_PATHS = (
					"$(SDKROOT)/Developer/Library/Frameworks",
					"$(DEVELOPER_LIBRARY_DIR)/Frameworks",
				);
				GCC_PRECOMPILE_PREFIX_HEADER = YES;
				GCC_PREFIX_HEADER = "SimpleBook/SimpleBook-Prefix.pch";
				INFOPLIST_FILE = "SimpleBookTests/SimpleBookTests-Info.plist";
				PRODUCT_NAME = "$(TARGET_NAME)";
				TEST_HOST = "$(BUNDLE_LOADER)";
				WRAPPER_EXTENSION = octest;
			};
			name = Release;
		};
/* End XCBuildConfiguration section */

/* Begin XCConfigurationList section */
		50B1C78A1699746F0096BF93 /* Build configuration list for PBXProject "SimpleBook" */ = {
			isa = XCConfigurationList;
			buildConfigurations = (
				50B1C7CA169974700096BF93 /* Debug */,
				50B1C7CB169974700096BF93 /* Release */,
			);
			defaultConfigurationIsVisible = 0;
			defaultConfigurationName = Release;
		};
		50B1C7CC169974700096BF93 /* Build configuration list for PBXNativeTarget "SimpleBook" */ = {
			isa = XCConfigurationList;
			buildConfigurations = (
				50B1C7CD169974700096BF93 /* Debug */,
				50B1C7CE169974700096BF93 /* Release */,
			);
			defaultConfigurationIsVisible = 0;
			defaultConfigurationName = Release;
		};
		50B1C7CF169974700096BF93 /* Build configuration list for PBXNativeTarget "SimpleBookTests" */ = {
			isa = XCConfigurationList;
			buildConfigurations = (
				50B1C7D0169974700096BF93 /* Debug */,
				50B1C7D1169974700096BF93 /* Release */,
			);
			defaultConfigurationIsVisible = 0;
			defaultConfigurationName = Release;
		};
/* End XCConfigurationList section */
	};
	rootObject = 50B1C7871699746F0096BF93 /* Project object */;
}
